
Microsoft Visual Studio Solution File, Format Version 12.00
# Visual Studio 15
VisualStudioVersion = 15.0.27130.2010
MinimumVisualStudioVersion = 10.0.40219.1
Project("{FAE04EC0-301F-11D3-BF4B-00C04F79EFBC}") = "BilisimEgitimAnket", "BilisimEgitimAnket\BilisimEgitimAnket.csproj", "{0A3A5F81-0462-4AD8-A693-DC6E63622834}"
EndProject
Global
	GlobalSection(SolutionConfigurationPlatforms) = preSolution
		Debug|Any CPU = Debug|Any CPU
		Release|Any CPU = Release|Any CPU
	EndGlobalSection
	GlobalSection(ProjectConfigurationPlatforms) = postSolution
		{0A3A5F81-0462-4AD8-A693-DC6E63622834}.Debug|Any CPU.ActiveCfg = Debug|Any CPU
		{0A3A5F81-0462-4AD8-A693-DC6E63622834}.Debug|Any CPU.Build.0 = Debug|Any CPU
		{0A3A5F81-0462-4AD8-A693-DC6E63622834}.Release|Any CPU.ActiveCfg = Release|Any CPU
		{0A3A5F81-0462-4AD8-A693-DC6E63622834}.Release|Any CPU.Build.0 = Release|Any CPU
	EndGlobalSection
	GlobalSection(SolutionProperties) = preSolution
		HideSolutionNode = FALSE
	EndGlobalSection
	GlobalSection(ExtensibilityGlobals) = postSolution
		SolutionGuid = {95BF2A15-25F9-47E5-9266-D3631B535DF2}
	EndGlobalSection
EndGlobal
